// !$*UTF8*$!
{
	archiveVersion = 1;
	classes = {
	};
	objectVersion = 50;
	objects = {

/* Begin PBXBuildFile section */
		9B0AEC6223C62E4B00D39726 /* AppDelegate.swift in Sources */ = {isa = PBXBuildFile; fileRef = 9B0AEC6123C62E4B00D39726 /* AppDelegate.swift */; };
		9B0AEC6423C62E4B00D39726 /* SceneDelegate.swift in Sources */ = {isa = PBXBuildFile; fileRef = 9B0AEC6323C62E4B00D39726 /* SceneDelegate.swift */; };
		9B0AEC6623C62E4B00D39726 /* ViewController.swift in Sources */ = {isa = PBXBuildFile; fileRef = 9B0AEC6523C62E4B00D39726 /* ViewController.swift */; };
		9B0AEC6923C62E4B00D39726 /* Main.storyboard in Resources */ = {isa = PBXBuildFile; fileRef = 9B0AEC6723C62E4B00D39726 /* Main.storyboard */; };
		9B0AEC6C23C62E4B00D39726 /* Cdata.xcdatamodeld in Sources */ = {isa = PBXBuildFile; fileRef = 9B0AEC6A23C62E4B00D39726 /* Cdata.xcdatamodeld */; };
		9B0AEC6E23C62E4D00D39726 /* Assets.xcassets in Resources */ = {isa = PBXBuildFile; fileRef = 9B0AEC6D23C62E4D00D39726 /* Assets.xcassets */; };
		9B0AEC7123C62E4D00D39726 /* LaunchScreen.storyboard in Resources */ = {isa = PBXBuildFile; fileRef = 9B0AEC6F23C62E4D00D39726 /* LaunchScreen.storyboard */; };
		9B0AEC7923C63F8000D39726 /* CustomCell.swift in Sources */ = {isa = PBXBuildFile; fileRef = 9B0AEC7823C63F8000D39726 /* CustomCell.swift */; };
		9B1A82F823C645DB00DA9F4F /* DetailController.swift in Sources */ = {isa = PBXBuildFile; fileRef = 9B1A82F723C645DB00DA9F4F /* DetailController.swift */; };
/* End PBXBuildFile section */

/* Begin PBXFileReference section */
		9B0AEC5E23C62E4B00D39726 /* Cdata.app */ = {isa = PBXFileReference; explicitFileType = wrapper.application; includeInIndex = 0; path = Cdata.app; sourceTree = BUILT_PRODUCTS_DIR; };
		9B0AEC6123C62E4B00D39726 /* AppDelegate.swift */ = {isa = PBXFileReference; lastKnownFileType = sourcecode.swift; path = AppDelegate.swift; sourceTree = "<group>"; };
		9B0AEC6323C62E4B00D39726 /* SceneDelegate.swift */ = {isa = PBXFileReference; lastKnownFileType = sourcecode.swift; path = SceneDelegate.swift; sourceTree = "<group>"; };
		9B0AEC6523C62E4B00D39726 /* ViewController.swift */ = {isa = PBXFileReference; lastKnownFileType = sourcecode.swift; path = ViewController.swift; sourceTree = "<group>"; };
		9B0AEC6823C62E4B00D39726 /* Base */ = {isa = PBXFileReference; lastKnownFileType = file.storyboard; name = Base; path = Base.lproj/Main.storyboard; sourceTree = "<group>"; };
		9B0AEC6B23C62E4B00D39726 /* Cdata.xcdatamodel */ = {isa = PBXFileReference; lastKnownFileType = wrapper.xcdatamodel; path = Cdata.xcdatamodel; sourceTree = "<group>"; };
		9B0AEC6D23C62E4D00D39726 /* Assets.xcassets */ = {isa = PBXFileReference; lastKnownFileType = folder.assetcatalog; path = Assets.xcassets; sourceTree = "<group>"; };
		9B0AEC7023C62E4D00D39726 /* Base */ = {isa = PBXFileReference; lastKnownFileType = file.storyboard; name = Base; path = Base.lproj/LaunchScreen.storyboard; sourceTree = "<group>"; };
		9B0AEC7223C62E4D00D39726 /* Info.plist */ = {isa = PBXFileReference; lastKnownFileType = text.plist.xml; path = Info.plist; sourceTree = "<group>"; };
		9B0AEC7823C63F8000D39726 /* CustomCell.swift */ = {isa = PBXFileReference; lastKnownFileType = sourcecode.swift; path = CustomCell.swift; sourceTree = "<group>"; };
		9B1A82F723C645DB00DA9F4F /* DetailController.swift */ = {isa = PBXFileReference; lastKnownFileType = sourcecode.swift; path = DetailController.swift; sourceTree = "<group>"; };
/* End PBXFileReference section */

/* Begin PBXFrameworksBuildPhase section */
		9B0AEC5B23C62E4B00D39726 /* Frameworks */ = {
			isa = PBXFrameworksBuildPhase;
			buildActionMask = 2147483647;
			files = (
			);
			runOnlyForDeploymentPostprocessing = 0;
		};
/* End PBXFrameworksBuildPhase section */

/* Begin PBXGroup section */
		9B0AEC5523C62E4B00D39726 = {
			isa = PBXGroup;
			children = (
				9B0AEC6023C62E4B00D39726 /* Cdata */,
				9B0AEC5F23C62E4B00D39726 /* Products */,
			);
			sourceTree = "<group>";
		};
		9B0AEC5F23C62E4B00D39726 /* Products */ = {
			isa = PBXGroup;
			children = (
				9B0AEC5E23C62E4B00D39726 /* Cdata.app */,
			);
			name = Products;
			sourceTree = "<group>";
		};
		9B0AEC6023C62E4B00D39726 /* Cdata */ = {
			isa = PBXGroup;
			children = (
				9B0AEC6123C62E4B00D39726 /* AppDelegate.swift */,
				9B0AEC6323C62E4B00D39726 /* SceneDelegate.swift */,
				9B0AEC6523C62E4B00D39726 /* ViewController.swift */,
				9B0AEC6723C62E4B00D39726 /* Main.storyboard */,
				9B0AEC6D23C62E4D00D39726 /* Assets.xcassets */,
				9B0AEC6F23C62E4D00D39726 /* LaunchScreen.storyboard */,
				9B0AEC7223C62E4D00D39726 /* Info.plist */,
				9B0AEC6A23C62E4B00D39726 /* Cdata.xcdatamodeld */,
				9B0AEC7823C63F8000D39726 /* CustomCell.swift */,
				9B1A82F723C645DB00DA9F4F /* DetailController.swift */,
			);
			path = Cdata;
			sourceTree = "<group>";
		};
/* End PBXGroup section */

/* Begin PBXNativeTarget section */
		9B0AEC5D23C62E4B00D39726 /* Cdata */ = {
			isa = PBXNativeTarget;
			buildConfigurationList = 9B0AEC7523C62E4D00D39726 /* Build configuration list for PBXNativeTarget "Cdata" */;
			buildPhases = (
				9B0AEC5A23C62E4B00D39726 /* Sources */,
				9B0AEC5B23C62E4B00D39726 /* Frameworks */,
				9B0AEC5C23C62E4B00D39726 /* Resources */,
			);
			buildRules = (
			);
			dependencies = (
			);
			name = Cdata;
			productName = Cdata;
			productReference = 9B0AEC5E23C62E4B00D39726 /* Cdata.app */;
			productType = "com.apple.product-type.application";
		};
/* End PBXNativeTarget section */

/* Begin PBXProject section */
		9B0AEC5623C62E4B00D39726 /* Project object */ = {
			isa = PBXProject;
			attributes = {
				LastSwiftUpdateCheck = 1130;
				LastUpgradeCheck = 1130;
				ORGANIZATIONNAME = MacStudent;
				TargetAttributes = {
					9B0AEC5D23C62E4B00D39726 = {
						CreatedOnToolsVersion = 11.3;
					};
				};
			};
			buildConfigurationList = 9B0AEC5923C62E4B00D39726 /* Build configuration list for PBXProject "Cdata" */;
			compatibilityVersion = "Xcode 9.3";
			developmentRegion = en;
			hasScannedForEncodings = 0;
			knownRegions = (
				en,
				Base,
			);
			mainGroup = 9B0AEC5523C62E4B00D39726;
			productRefGroup = 9B0AEC5F23C62E4B00D39726 /* Products */;
			projectDirPath = "";
			projectRoot = "";
			targets = (
				9B0AEC5D23C62E4B00D39726 /* Cdata */,
			);
		};
/* End PBXProject section */

/* Begin PBXResourcesBuildPhase section */
		9B0AEC5C23C62E4B00D39726 /* Resources */ = {
			isa = PBXResourcesBuildPhase;
			buildActionMask = 2147483647;
			files = (
				9B0AEC7123C62E4D00D39726 /* LaunchScreen.storyboard in Resources */,
				9B0AEC6E23C62E4D00D39726 /* Assets.xcassets in Resources */,
				9B0AEC6923C62E4B00D39726 /* Main.storyboard in Resources */,
			);
			runOnlyForDeploymentPostprocessing = 0;
		};
/* End PBXResourcesBuildPhase section */

/* Begin PBXSourcesBuildPhase section */
		9B0AEC5A23C62E4B00D39726 /* Sources */ = {
			isa = PBXSourcesBuildPhase;
			buildActionMask = 2147483647;
			files = (
				9B0AEC6623C62E4B00D39726 /* ViewController.swift in Sources */,
				9B0AEC6223C62E4B00D39726 /* AppDelegate.swift in Sources */,
				9B0AEC7923C63F8000D39726 /* CustomCell.swift in Sources */,
				9B0AEC6423C62E4B00D39726 /* SceneDelegate.swift in Sources */,
				9B1A82F823C645DB00DA9F4F /* DetailController.swift in Sources */,
				9B0AEC6C23C62E4B00D39726 /* Cdata.xcdatamodeld in Sources */,
			);
			runOnlyForDeploymentPostprocessing = 0;
		};
/* End PBXSourcesBuildPhase section */

/* Begin PBXVariantGroup section */
		9B0AEC6723C62E4B00D39726 /* Main.storyboard */ = {
			isa = PBXVariantGroup;
			children = (
				9B0AEC6823C62E4B00D39726 /* Base */,
			);
			name = Main.storyboard;
			sourceTree = "<group>";
		};
		9B0AEC6F23C62E4D00D39726 /* LaunchScreen.storyboard */ = {
			isa = PBXVariantGroup;
			children = (
				9B0AEC7023C62E4D00D39726 /* Base */,
			);
			name = LaunchScreen.storyboard;
			sourceTree = "<group>";
		};
/* End PBXVariantGroup section */

/* Begin XCBuildConfiguration section */
		9B0AEC7323C62E4D00D39726 /* Debug */ = {
			isa = XCBuildConfiguration;
			buildSettings = {
				ALWAYS_SEARCH_USER_PATHS = NO;
				CLANG_ANALYZER_NONNULL = YES;
				CLANG_ANALYZER_NUMBER_OBJECT_CONVERSION = YES_AGGRESSIVE;
				CLANG_CXX_LANGUAGE_STANDARD = "gnu++14";
				CLANG_CXX_LIBRARY = "libc++";
				CLANG_ENABLE_MODULES = YES;
				CLANG_ENABLE_OBJC_ARC = YES;
				CLANG_ENABLE_OBJC_WEAK = YES;
				CLANG_WARN_BLOCK_CAPTURE_AUTORELEASING = YES;
				CLANG_WARN_BOOL_CONVERSION = YES;
				CLANG_WARN_COMMA = YES;
				CLANG_WARN_CONSTANT_CONVERSION = YES;
				CLANG_WARN_DEPRECATED_OBJC_IMPLEMENTATIONS = YES;
				CLANG_WARN_DIRECT_OBJC_ISA_USAGE = YES_ERROR;
				CLANG_WARN_DOCUMENTATION_COMMENTS = YES;
				CLANG_WARN_EMPTY_BODY = YES;
				CLANG_WARN_ENUM_CONVERSION = YES;
				CLANG_WARN_INFINITE_RECURSION = YES;
				CLANG_WARN_INT_CONVERSION = YES;
				CLANG_WARN_NON_LITERAL_NULL_CONVERSION = YES;
				CLANG_WARN_OBJC_IMPLICIT_RETAIN_SELF = YES;
				CLANG_WARN_OBJC_LITERAL_CONVERSION = YES;
				CLANG_WARN_OBJC_ROOT_CLASS = YES_ERROR;
				CLANG_WARN_RANGE_LOOP_ANALYSIS = YES;
				CLANG_WARN_STRICT_PROTOTYPES = YES;
				CLANG_WARN_SUSPICIOUS_MOVE = YES;
				CLANG_WARN_UNGUARDED_AVAILABILITY = YES_AGGRESSIVE;
				CLANG_WARN_UNREACHABLE_CODE = YES;
				CLANG_WARN__DUPLICATE_METHOD_MATCH = YES;
				COPY_PHASE_STRIP = NO;
				DEBUG_INFORMATION_FORMAT = dwarf;
				ENABLE_STRICT_OBJC_MSGSEND = YES;
				ENABLE_TESTABILITY = YES;
				GCC_C_LANGUAGE_STANDARD = gnu11;
				GCC_DYNAMIC_NO_PIC = NO;
				GCC_NO_COMMON_BLOCKS = YES;
				GCC_OPTIMIZATION_LEVEL = 0;
				GCC_PREPROCESSOR_DEFINITIONS = (
					"DEBUG=1",
					"$(inherited)",
				);
				GCC_WARN_64_TO_32_BIT_CONVERSION = YES;
				GCC_WARN_ABOUT_RETURN_TYPE = YES_ERROR;
				GCC_WARN_UNDECLARED_SELECTOR = YES;
				GCC_WARN_UNINITIALIZED_AUTOS = YES_AGGRESSIVE;
				GCC_WARN_UNUSED_FUNCTION = YES;
				GCC_WARN_UNUSED_VARIABLE = YES;
				IPHONEOS_DEPLOYMENT_TARGET = 13.2;
				MTL_ENABLE_DEBUG_INFO = INCLUDE_SOURCE;
				MTL_FAST_MATH = YES;
				ONLY_ACTIVE_ARCH = YES;
				SDKROOT = iphoneos;
				SWIFT_ACTIVE_COMPILATION_CONDITIONS = DEBUG;
				SWIFT_OPTIMIZATION_LEVEL = "-Onone";
			};
			name = Debug;
		};
		9B0AEC7423C62E4D00D39726 /* Release */ = {
			isa = XCBuildConfiguration;
			buildSettings = {
				ALWAYS_SEARCH_USER_PATHS = NO;
				CLANG_ANALYZER_NONNULL = YES;
				CLANG_ANALYZER_NUMBER_OBJECT_CONVERSION = YES_AGGRESSIVE;
				CLANG_CXX_LANGUAGE_STANDARD = "gnu++14";
				CLANG_CXX_LIBRARY = "libc++";
				CLANG_ENABLE_MODULES = YES;
				CLANG_ENABLE_OBJC_ARC = YES;
				CLANG_ENABLE_OBJC_WEAK = YES;
				CLANG_WARN_BLOCK_CAPTURE_AUTORELEASING = YES;
				CLANG_WARN_BOOL_CONVERSION = YES;
				CLANG_WARN_COMMA = YES;
				CLANG_WARN_CONSTANT_CONVERSION = YES;
				CLANG_WARN_DEPRECATED_OBJC_IMPLEMENTATIONS = YES;
				CLANG_WARN_DIRECT_OBJC_ISA_USAGE = YES_ERROR;
				CLANG_WARN_DOCUMENTATION_COMMENTS = YES;
				CLANG_WARN_EMPTY_BODY = YES;
				CLANG_WARN_ENUM_CONVERSION = YES;
				CLANG_WARN_INFINITE_RECURSION = YES;
				CLANG_WARN_INT_CONVERSION = YES;
				CLANG_WARN_NON_LITERAL_NULL_CONVERSION = YES;
				CLANG_WARN_OBJC_IMPLICIT_RETAIN_SELF = YES;
				CLANG_WARN_OBJC_LITERAL_CONVERSION = YES;
				CLANG_WARN_OBJC_ROOT_CLASS = YES_ERROR;
				CLANG_WARN_RANGE_LOOP_ANALYSIS = YES;
				CLANG_WARN_STRICT_PROTOTYPES = YES;
				CLANG_WARN_SUSPICIOUS_MOVE = YES;
				CLANG_WARN_UNGUARDED_AVAILABILITY = YES_AGGRESSIVE;
				CLANG_WARN_UNREACHABLE_CODE = YES;
				CLANG_WARN__DUPLICATE_METHOD_MATCH = YES;
				COPY_PHASE_STRIP = NO;
				DEBUG_INFORMATION_FORMAT = "dwarf-with-dsym";
				ENABLE_NS_ASSERTIONS = NO;
				ENABLE_STRICT_OBJC_MSGSEND = YES;
				GCC_C_LANGUAGE_STANDARD = gnu11;
				GCC_NO_COMMON_BLOCKS = YES;
				GCC_WARN_64_TO_32_BIT_CONVERSION = YES;
				GCC_WARN_ABOUT_RETURN_TYPE = YES_ERROR;
				GCC_WARN_UNDECLARED_SELECTOR = YES;
				GCC_WARN_UNINITIALIZED_AUTOS = YES_AGGRESSIVE;
				GCC_WARN_UNUSED_FUNCTION = YES;
				GCC_WARN_UNUSED_VARIABLE = YES;
				IPHONEOS_DEPLOYMENT_TARGET = 13.2;
				MTL_ENABLE_DEBUG_INFO = NO;
				MTL_FAST_MATH = YES;
				SDKROOT = iphoneos;
				SWIFT_COMPILATION_MODE = wholemodule;
				SWIFT_OPTIMIZATION_LEVEL = "-O";
				VALIDATE_PRODUCT = YES;
			};
			name = Release;
		};
		9B0AEC7623C62E4D00D39726 /* Debug */ = {
			isa = XCBuildConfiguration;
			buildSettings = {
				ASSETCATALOG_COMPILER_APPICON_NAME = AppIcon;
				CODE_SIGN_STYLE = Automatic;
				INFOPLIST_FILE = Cdata/Info.plist;
				LD_RUNPATH_SEARCH_PATHS = (
					"$(inherited)",
					"@executable_path/Frameworks",
				);
				PRODUCT_BUNDLE_IDENTIFIER = CestarCollege.Cdata;
				PRODUCT_NAME = "$(TARGET_NAME)";
				SWIFT_VERSION = 5.0;
				TARGETED_DEVICE_FAMILY = "1,2";
			};
			name = Debug;
		};
		9B0AEC7723C62E4D00D39726 /* Release */ = {
			isa = XCBuildConfiguration;
			buildSettings = {
				ASSETCATALOG_COMPILER_APPICON_NAME = AppIcon;
				CODE_SIGN_STYLE = Automatic;
				INFOPLIST_FILE = Cdata/Info.plist;
				LD_RUNPATH_SEARCH_PATHS = (
					"$(inherited)",
					"@executable_path/Frameworks",
				);
				PRODUCT_BUNDLE_IDENTIFIER = CestarCollege.Cdata;
				PRODUCT_NAME = "$(TARGET_NAME)";
				SWIFT_VERSION = 5.0;
				TARGETED_DEVICE_FAMILY = "1,2";
			};
			name = Release;
		};
/* End XCBuildConfiguration section */

/* Begin XCConfigurationList section */
		9B0AEC5923C62E4B00D39726 /* Build configuration list for PBXProject "Cdata" */ = {
			isa = XCConfigurationList;
			buildConfigurations = (
				9B0AEC7323C62E4D00D39726 /* Debug */,
				9B0AEC7423C62E4D00D39726 /* Release */,
			);
			defaultConfigurationIsVisible = 0;
			defaultConfigurationName = Release;
		};
		9B0AEC7523C62E4D00D39726 /* Build configuration list for PBXNativeTarget "Cdata" */ = {
			isa = XCConfigurationList;
			buildConfigurations = (
				9B0AEC7623C62E4D00D39726 /* Debug */,
				9B0AEC7723C62E4D00D39726 /* Release */,
			);
			defaultConfigurationIsVisible = 0;
			defaultConfigurationName = Release;
		};
/* End XCConfigurationList section */

/* Begin XCVersionGroup section */
		9B0AEC6A23C62E4B00D39726 /* Cdata.xcdatamodeld */ = {
			isa = XCVersionGroup;
			children = (
				9B0AEC6B23C62E4B00D39726 /* Cdata.xcdatamodel */,
			);
			currentVersion = 9B0AEC6B23C62E4B00D39726 /* Cdata.xcdatamodel */;
			path = Cdata.xcdatamodeld;
			sourceTree = "<group>";
			versionGroupType = wrapper.xcdatamodel;
		};
/* End XCVersionGroup section */
	};
	rootObject = 9B0AEC5623C62E4B00D39726 /* Project object */;
}
